
Microsoft Visual Studio Solution File, Format Version 12.00
# Visual Studio Version 17
VisualStudioVersion = 17.5.33424.131
MinimumVisualStudioVersion = 10.0.40219.1
Project("{2150E333-8FDC-42A3-9474-1A3956D46DE8}") = "SRP", "SRP", "{D038629B-A3D1-49B8-957E-A306F900755F}"
EndProject
Project("{FAE04EC0-301F-11D3-BF4B-00C04F79EFBC}") = "SRP", "SRP\SRP.csproj", "{9D59F348-D849-49B3-AE46-372851508545}"
EndProject
Project("{2150E333-8FDC-42A3-9474-1A3956D46DE8}") = "OCP", "OCP", "{BAD1AF24-4929-49B8-90B5-91473E8681BB}"
EndProject
Project("{FAE04EC0-301F-11D3-BF4B-00C04F79EFBC}") = "OCP", "OCP\OCP.csproj", "{F54442CA-2367-4CF3-B796-6CC03FCD9099}"
EndProject
Global
	GlobalSection(SolutionConfigurationPlatforms) = preSolution
		Debug|Any CPU = Debug|Any CPU
		Release|Any CPU = Release|Any CPU
	EndGlobalSection
	GlobalSection(ProjectConfigurationPlatforms) = postSolution
		{9D59F348-D849-49B3-AE46-372851508545}.Debug|Any CPU.ActiveCfg = Debug|Any CPU
		{9D59F348-D849-49B3-AE46-372851508545}.Debug|Any CPU.Build.0 = Debug|Any CPU
		{9D59F348-D849-49B3-AE46-372851508545}.Release|Any CPU.ActiveCfg = Release|Any CPU
		{9D59F348-D849-49B3-AE46-372851508545}.Release|Any CPU.Build.0 = Release|Any CPU
		{F54442CA-2367-4CF3-B796-6CC03FCD9099}.Debug|Any CPU.ActiveCfg = Debug|Any CPU
		{F54442CA-2367-4CF3-B796-6CC03FCD9099}.Debug|Any CPU.Build.0 = Debug|Any CPU
		{F54442CA-2367-4CF3-B796-6CC03FCD9099}.Release|Any CPU.ActiveCfg = Release|Any CPU
		{F54442CA-2367-4CF3-B796-6CC03FCD9099}.Release|Any CPU.Build.0 = Release|Any CPU
	EndGlobalSection
	GlobalSection(SolutionProperties) = preSolution
		HideSolutionNode = FALSE
	EndGlobalSection
	GlobalSection(NestedProjects) = preSolution
		{9D59F348-D849-49B3-AE46-372851508545} = {D038629B-A3D1-49B8-957E-A306F900755F}
		{F54442CA-2367-4CF3-B796-6CC03FCD9099} = {BAD1AF24-4929-49B8-90B5-91473E8681BB}
	EndGlobalSection
	GlobalSection(ExtensibilityGlobals) = postSolution
		SolutionGuid = {34F69BD1-C269-453C-811A-90D07D23AF55}
	EndGlobalSection
EndGlobal
