
Microsoft Visual Studio Solution File, Format Version 12.00
# Visual Studio Version 17
VisualStudioVersion = 17.5.33424.131
MinimumVisualStudioVersion = 10.0.40219.1
Project("{FAE04EC0-301F-11D3-BF4B-00C04F79EFBC}") = "CA_FutbolTakımı", "CA_FutbolTakımı\CA_FutbolTakımı.csproj", "{77B4AB0B-B726-49F1-B9D8-049813FBA2A4}"
EndProject
Global
	GlobalSection(SolutionConfigurationPlatforms) = preSolution
		Debug|Any CPU = Debug|Any CPU
		Release|Any CPU = Release|Any CPU
	EndGlobalSection
	GlobalSection(ProjectConfigurationPlatforms) = postSolution
		{77B4AB0B-B726-49F1-B9D8-049813FBA2A4}.Debug|Any CPU.ActiveCfg = Debug|Any CPU
		{77B4AB0B-B726-49F1-B9D8-049813FBA2A4}.Debug|Any CPU.Build.0 = Debug|Any CPU
		{77B4AB0B-B726-49F1-B9D8-049813FBA2A4}.Release|Any CPU.ActiveCfg = Release|Any CPU
		{77B4AB0B-B726-49F1-B9D8-049813FBA2A4}.Release|Any CPU.Build.0 = Release|Any CPU
	EndGlobalSection
	GlobalSection(SolutionProperties) = preSolution
		HideSolutionNode = FALSE
	EndGlobalSection
	GlobalSection(ExtensibilityGlobals) = postSolution
		SolutionGuid = {B8FEC216-0C76-4071-99FD-1A7285E9AEFD}
	EndGlobalSection
EndGlobal
