
Microsoft Visual Studio Solution File, Format Version 12.00
# Visual Studio Version 17
VisualStudioVersion = 17.5.33424.131
MinimumVisualStudioVersion = 10.0.40219.1
Project("{FAE04EC0-301F-11D3-BF4B-00C04F79EFBC}") = "MVC_Layout", "MVC_Layout\MVC_Layout.csproj", "{26E4FE4C-3646-4E1C-B8D1-2EB9BAB37E96}"
EndProject
Global
	GlobalSection(SolutionConfigurationPlatforms) = preSolution
		Debug|Any CPU = Debug|Any CPU
		Release|Any CPU = Release|Any CPU
	EndGlobalSection
	GlobalSection(ProjectConfigurationPlatforms) = postSolution
		{26E4FE4C-3646-4E1C-B8D1-2EB9BAB37E96}.Debug|Any CPU.ActiveCfg = Debug|Any CPU
		{26E4FE4C-3646-4E1C-B8D1-2EB9BAB37E96}.Debug|Any CPU.Build.0 = Debug|Any CPU
		{26E4FE4C-3646-4E1C-B8D1-2EB9BAB37E96}.Release|Any CPU.ActiveCfg = Release|Any CPU
		{26E4FE4C-3646-4E1C-B8D1-2EB9BAB37E96}.Release|Any CPU.Build.0 = Release|Any CPU
	EndGlobalSection
	GlobalSection(SolutionProperties) = preSolution
		HideSolutionNode = FALSE
	EndGlobalSection
	GlobalSection(ExtensibilityGlobals) = postSolution
		SolutionGuid = {0DD00C7B-9056-411E-9725-B6E85E35C83E}
	EndGlobalSection
EndGlobal
