
Microsoft Visual Studio Solution File, Format Version 12.00
# Visual Studio Version 17
VisualStudioVersion = 17.5.33424.131
MinimumVisualStudioVersion = 10.0.40219.1
Project("{FAE04EC0-301F-11D3-BF4B-00C04F79EFBC}") = "CA_ImdbDbFirst", "CA_ImdbDbFirst\CA_ImdbDbFirst.csproj", "{AEABAC07-6EDC-4A13-8A7E-B1FC524C031B}"
EndProject
Global
	GlobalSection(SolutionConfigurationPlatforms) = preSolution
		Debug|Any CPU = Debug|Any CPU
		Release|Any CPU = Release|Any CPU
	EndGlobalSection
	GlobalSection(ProjectConfigurationPlatforms) = postSolution
		{AEABAC07-6EDC-4A13-8A7E-B1FC524C031B}.Debug|Any CPU.ActiveCfg = Debug|Any CPU
		{AEABAC07-6EDC-4A13-8A7E-B1FC524C031B}.Debug|Any CPU.Build.0 = Debug|Any CPU
		{AEABAC07-6EDC-4A13-8A7E-B1FC524C031B}.Release|Any CPU.ActiveCfg = Release|Any CPU
		{AEABAC07-6EDC-4A13-8A7E-B1FC524C031B}.Release|Any CPU.Build.0 = Release|Any CPU
	EndGlobalSection
	GlobalSection(SolutionProperties) = preSolution
		HideSolutionNode = FALSE
	EndGlobalSection
	GlobalSection(ExtensibilityGlobals) = postSolution
		SolutionGuid = {C046168A-AF15-4FA1-B115-2993732377A4}
	EndGlobalSection
EndGlobal
